
Microsoft Visual Studio Solution File, Format Version 12.00
# Visual Studio Version 16
VisualStudioVersion = 16.0.31727.386
MinimumVisualStudioVersion = 10.0.40219.1
Project("{8BC9CEB8-8B4A-11D0-8D11-00A0C91BC942}") = "dll", "dll.vcxproj", "{702C982C-B4B7-4C7A-AA86-7E8273289B4F}"
EndProject
Project("{8BC9CEB8-8B4A-11D0-8D11-00A0C91BC942}") = "StaticImport", "..\StaticImport\StaticImport.vcxproj", "{CA0DB35F-E5FD-40BA-A736-0E0787282B67}"
EndProject
Project("{8BC9CEB8-8B4A-11D0-8D11-00A0C91BC942}") = "DynamicImport", "..\DynamicImport\DynamicImport.vcxproj", "{35F3A586-1AD0-4B3D-85C5-27C4696C7B34}"
EndProject
Project("{8BC9CEB8-8B4A-11D0-8D11-00A0C91BC942}") = "DllInject", "..\DllInject\DllInject.vcxproj", "{BD964C65-CBA8-4731-BE5A-66DAA8F58D9E}"
EndProject
Project("{8BC9CEB8-8B4A-11D0-8D11-00A0C91BC942}") = "Project1", "..\Project1\Project1.vcxproj", "{107DA996-743F-45E1-9A6B-8750D53AD11E}"
EndProject
Global
	GlobalSection(SolutionConfigurationPlatforms) = preSolution
		Debug|x64 = Debug|x64
		Debug|x86 = Debug|x86
		Release|x64 = Release|x64
		Release|x86 = Release|x86
	EndGlobalSection
	GlobalSection(ProjectConfigurationPlatforms) = postSolution
		{702C982C-B4B7-4C7A-AA86-7E8273289B4F}.Debug|x64.ActiveCfg = Debug|x64
		{702C982C-B4B7-4C7A-AA86-7E8273289B4F}.Debug|x64.Build.0 = Debug|x64
		{702C982C-B4B7-4C7A-AA86-7E8273289B4F}.Debug|x86.ActiveCfg = Debug|Win32
		{702C982C-B4B7-4C7A-AA86-7E8273289B4F}.Debug|x86.Build.0 = Debug|Win32
		{702C982C-B4B7-4C7A-AA86-7E8273289B4F}.Release|x64.ActiveCfg = Release|x64
		{702C982C-B4B7-4C7A-AA86-7E8273289B4F}.Release|x64.Build.0 = Release|x64
		{702C982C-B4B7-4C7A-AA86-7E8273289B4F}.Release|x86.ActiveCfg = Release|Win32
		{702C982C-B4B7-4C7A-AA86-7E8273289B4F}.Release|x86.Build.0 = Release|Win32
		{CA0DB35F-E5FD-40BA-A736-0E0787282B67}.Debug|x64.ActiveCfg = Debug|x64
		{CA0DB35F-E5FD-40BA-A736-0E0787282B67}.Debug|x64.Build.0 = Debug|x64
		{CA0DB35F-E5FD-40BA-A736-0E0787282B67}.Debug|x86.ActiveCfg = Debug|Win32
		{CA0DB35F-E5FD-40BA-A736-0E0787282B67}.Debug|x86.Build.0 = Debug|Win32
		{CA0DB35F-E5FD-40BA-A736-0E0787282B67}.Release|x64.ActiveCfg = Release|x64
		{CA0DB35F-E5FD-40BA-A736-0E0787282B67}.Release|x64.Build.0 = Release|x64
		{CA0DB35F-E5FD-40BA-A736-0E0787282B67}.Release|x86.ActiveCfg = Release|Win32
		{CA0DB35F-E5FD-40BA-A736-0E0787282B67}.Release|x86.Build.0 = Release|Win32
		{35F3A586-1AD0-4B3D-85C5-27C4696C7B34}.Debug|x64.ActiveCfg = Debug|x64
		{35F3A586-1AD0-4B3D-85C5-27C4696C7B34}.Debug|x64.Build.0 = Debug|x64
		{35F3A586-1AD0-4B3D-85C5-27C4696C7B34}.Debug|x86.ActiveCfg = Debug|Win32
		{35F3A586-1AD0-4B3D-85C5-27C4696C7B34}.Debug|x86.Build.0 = Debug|Win32
		{35F3A586-1AD0-4B3D-85C5-27C4696C7B34}.Release|x64.ActiveCfg = Release|x64
		{35F3A586-1AD0-4B3D-85C5-27C4696C7B34}.Release|x64.Build.0 = Release|x64
		{35F3A586-1AD0-4B3D-85C5-27C4696C7B34}.Release|x86.ActiveCfg = Release|Win32
		{35F3A586-1AD0-4B3D-85C5-27C4696C7B34}.Release|x86.Build.0 = Release|Win32
		{BD964C65-CBA8-4731-BE5A-66DAA8F58D9E}.Debug|x64.ActiveCfg = Debug|x64
		{BD964C65-CBA8-4731-BE5A-66DAA8F58D9E}.Debug|x64.Build.0 = Debug|x64
		{BD964C65-CBA8-4731-BE5A-66DAA8F58D9E}.Debug|x86.ActiveCfg = Debug|Win32
		{BD964C65-CBA8-4731-BE5A-66DAA8F58D9E}.Debug|x86.Build.0 = Debug|Win32
		{BD964C65-CBA8-4731-BE5A-66DAA8F58D9E}.Release|x64.ActiveCfg = Release|x64
		{BD964C65-CBA8-4731-BE5A-66DAA8F58D9E}.Release|x64.Build.0 = Release|x64
		{BD964C65-CBA8-4731-BE5A-66DAA8F58D9E}.Release|x86.ActiveCfg = Release|Win32
		{BD964C65-CBA8-4731-BE5A-66DAA8F58D9E}.Release|x86.Build.0 = Release|Win32
		{107DA996-743F-45E1-9A6B-8750D53AD11E}.Debug|x64.ActiveCfg = Debug|x64
		{107DA996-743F-45E1-9A6B-8750D53AD11E}.Debug|x64.Build.0 = Debug|x64
		{107DA996-743F-45E1-9A6B-8750D53AD11E}.Debug|x86.ActiveCfg = Debug|Win32
		{107DA996-743F-45E1-9A6B-8750D53AD11E}.Debug|x86.Build.0 = Debug|Win32
		{107DA996-743F-45E1-9A6B-8750D53AD11E}.Release|x64.ActiveCfg = Release|x64
		{107DA996-743F-45E1-9A6B-8750D53AD11E}.Release|x64.Build.0 = Release|x64
		{107DA996-743F-45E1-9A6B-8750D53AD11E}.Release|x86.ActiveCfg = Release|Win32
		{107DA996-743F-45E1-9A6B-8750D53AD11E}.Release|x86.Build.0 = Release|Win32
	EndGlobalSection
	GlobalSection(SolutionProperties) = preSolution
		HideSolutionNode = FALSE
	EndGlobalSection
	GlobalSection(ExtensibilityGlobals) = postSolution
		SolutionGuid = {1A9373FC-A8C4-4067-94C4-CC47BC77E590}
	EndGlobalSection
EndGlobal
